
Microsoft Visual Studio Solution File, Format Version 12.00
# Visual Studio Version 16
VisualStudioVersion = 16.0.33927.289
MinimumVisualStudioVersion = 10.0.40219.1
Project("{FAE04EC0-301F-11D3-BF4B-00C04F79EFBC}") = "WindowsFormsApp1", "WindowsFormsApp1\WindowsFormsApp1.csproj", "{5EF3FF0A-940B-480C-87E0-56003A194672}"
EndProject
Global
	GlobalSection(SolutionConfigurationPlatforms) = preSolution
		Debug|Any CPU = Debug|Any CPU
		Release|Any CPU = Release|Any CPU
	EndGlobalSection
	GlobalSection(ProjectConfigurationPlatforms) = postSolution
		{5EF3FF0A-940B-480C-87E0-56003A194672}.Debug|Any CPU.ActiveCfg = Debug|Any CPU
		{5EF3FF0A-940B-480C-87E0-56003A194672}.Debug|Any CPU.Build.0 = Debug|Any CPU
		{5EF3FF0A-940B-480C-87E0-56003A194672}.Release|Any CPU.ActiveCfg = Release|Any CPU
		{5EF3FF0A-940B-480C-87E0-56003A194672}.Release|Any CPU.Build.0 = Release|Any CPU
	EndGlobalSection
	GlobalSection(SolutionProperties) = preSolution
		HideSolutionNode = FALSE
	EndGlobalSection
	GlobalSection(ExtensibilityGlobals) = postSolution
		SolutionGuid = {196D941C-E530-4F57-AD1B-0E01E7AC1397}
	EndGlobalSection
EndGlobal
